// !$*UTF8*$!
{
	archiveVersion = 1;
	classes = {
	};
	objectVersion = 56;
	objects = {

/* Begin PBXBuildFile section */
		4F056CC92C46979E006408E4 /* Photo.swift in Sources */ = {isa = PBXBuildFile; fileRef = 4F056CC82C46979E006408E4 /* Photo.swift */; };
		4F07E1DC2C35AB6A000B26A8 /* ActiveHandlerViewModel.swift in Sources */ = {isa = PBXBuildFile; fileRef = 4F07E1DB2C35AB6A000B26A8 /* ActiveHandlerViewModel.swift */; };
		4F102D732C24928200A6702D /* BtnDatabase.swift in Sources */ = {isa = PBXBuildFile; fileRef = 4F102D722C24928200A6702D /* BtnDatabase.swift */; };
		4F102D752C2C79D100A6702D /* Item.swift in Sources */ = {isa = PBXBuildFile; fileRef = 4F102D742C2C79D100A6702D /* Item.swift */; };
		4F15F8D82BF61CA2001B58CA /* ProfileView.swift in Sources */ = {isa = PBXBuildFile; fileRef = 4F15F8D72BF61CA2001B58CA /* ProfileView.swift */; };
		4F15F8DA2BF61CD3001B58CA /* ProfileViewModel.swift in Sources */ = {isa = PBXBuildFile; fileRef = 4F15F8D92BF61CD3001B58CA /* ProfileViewModel.swift */; };
		4F15F8DC2BF61D54001B58CA /* BtnProfile.swift in Sources */ = {isa = PBXBuildFile; fileRef = 4F15F8DB2BF61D54001B58CA /* BtnProfile.swift */; };
		4F1E6C332BBD939F00BDE9B5 /* SpaceManagerApp.swift in Sources */ = {isa = PBXBuildFile; fileRef = 4F1E6C322BBD939F00BDE9B5 /* SpaceManagerApp.swift */; };
		4F1E6C372BBD93A100BDE9B5 /* Assets.xcassets in Resources */ = {isa = PBXBuildFile; fileRef = 4F1E6C362BBD93A100BDE9B5 /* Assets.xcassets */; };
		4F1E6C3A2BBD93A100BDE9B5 /* Preview Assets.xcassets in Resources */ = {isa = PBXBuildFile; fileRef = 4F1E6C392BBD93A100BDE9B5 /* Preview Assets.xcassets */; };
		4F20BFD42C36D3D20026C58B /* BtnItemType.swift in Sources */ = {isa = PBXBuildFile; fileRef = 4F20BFD32C36D3D20026C58B /* BtnItemType.swift */; };
		4F20BFD82C36DE610026C58B /* BtnModifier.swift in Sources */ = {isa = PBXBuildFile; fileRef = 4F20BFD72C36DE610026C58B /* BtnModifier.swift */; };
		4F2C28FE2BDEDC6E00D040D2 /* LoginViewModel.swift in Sources */ = {isa = PBXBuildFile; fileRef = 4F2C28FD2BDEDC6E00D040D2 /* LoginViewModel.swift */; };
		4F32055D2BBDB217000BD18C /* LoginView.swift in Sources */ = {isa = PBXBuildFile; fileRef = 4F32055C2BBDB217000BD18C /* LoginView.swift */; };
		4F32055F2BBDB2AE000BD18C /* RegisterView.swift in Sources */ = {isa = PBXBuildFile; fileRef = 4F32055E2BBDB2AE000BD18C /* RegisterView.swift */; };
		4F3205612BC2D123000BD18C /* GoogleService-Info.plist in Resources */ = {isa = PBXBuildFile; fileRef = 4F3205602BC2D122000BD18C /* GoogleService-Info.plist */; };
		4F3363AA2BE51F750042D0AD /* RegisterViewModel.swift in Sources */ = {isa = PBXBuildFile; fileRef = 4F3363A92BE51F750042D0AD /* RegisterViewModel.swift */; };
		4F3363AE2BE549860042D0AD /* AddNewItemViewModel.swift in Sources */ = {isa = PBXBuildFile; fileRef = 4F3363AD2BE549860042D0AD /* AddNewItemViewModel.swift */; };
		4F3363B02BE54A790042D0AD /* AddNewItemView.swift in Sources */ = {isa = PBXBuildFile; fileRef = 4F3363AF2BE54A790042D0AD /* AddNewItemView.swift */; };
		4F3363B22BE561C50042D0AD /* User.swift in Sources */ = {isa = PBXBuildFile; fileRef = 4F3363B12BE561C50042D0AD /* User.swift */; };
		4F3363B42BE689C00042D0AD /* BtnMenu.swift in Sources */ = {isa = PBXBuildFile; fileRef = 4F3363B32BE689C00042D0AD /* BtnMenu.swift */; };
		4F3363B62BE69B2A0042D0AD /* QrCodeGenerator.swift in Sources */ = {isa = PBXBuildFile; fileRef = 4F3363B52BE69B2A0042D0AD /* QrCodeGenerator.swift */; };
		4F3363BB2BE6AF800042D0AD /* BottomMenu.swift in Sources */ = {isa = PBXBuildFile; fileRef = 4F3363BA2BE6AF800042D0AD /* BottomMenu.swift */; };
		4F47058E2C3C3E8F00F42F12 /* CustomBack.swift in Sources */ = {isa = PBXBuildFile; fileRef = 4F47058D2C3C3E8F00F42F12 /* CustomBack.swift */; };
		4F4705902C3C5FF400F42F12 /* WelcomeView.swift in Sources */ = {isa = PBXBuildFile; fileRef = 4F47058F2C3C5FF400F42F12 /* WelcomeView.swift */; };
		4F4A8DB02C32E9FC0002744A /* GeneratorViewModel.swift in Sources */ = {isa = PBXBuildFile; fileRef = 4F4A8DAF2C32E9FC0002744A /* GeneratorViewModel.swift */; };
		4F4A8DB22C32F1430002744A /* ActiveItem.swift in Sources */ = {isa = PBXBuildFile; fileRef = 4F4A8DB12C32F1430002744A /* ActiveItem.swift */; };
		4F4E58FB2BF0FE4500B80AB8 /* SearchView.swift in Sources */ = {isa = PBXBuildFile; fileRef = 4F4E58FA2BF0FE4500B80AB8 /* SearchView.swift */; };
		4F58894A2C3D7CF500CAB19D /* ForgotViewModel.swift in Sources */ = {isa = PBXBuildFile; fileRef = 4F5889492C3D7CF500CAB19D /* ForgotViewModel.swift */; };
		4F66DBA02C335FD60035B34F /* Checkbox.swift in Sources */ = {isa = PBXBuildFile; fileRef = 4F66DB9F2C335FD60035B34F /* Checkbox.swift */; };
		4F859C392BD067B000924EF5 /* ForgotPasswordView.swift in Sources */ = {isa = PBXBuildFile; fileRef = 4F859C382BD067B000924EF5 /* ForgotPasswordView.swift */; };
		4F859C3B2BD06A5F00924EF5 /* BtnClearComponent.swift in Sources */ = {isa = PBXBuildFile; fileRef = 4F859C3A2BD06A5F00924EF5 /* BtnClearComponent.swift */; };
		4F859C3D2BD06BC400924EF5 /* HeaderComponent.swift in Sources */ = {isa = PBXBuildFile; fileRef = 4F859C3C2BD06BC400924EF5 /* HeaderComponent.swift */; };
		4F859C3F2BD06DC800924EF5 /* FormComponent.swift in Sources */ = {isa = PBXBuildFile; fileRef = 4F859C3E2BD06DC700924EF5 /* FormComponent.swift */; };
		4F85DFED2C33016A00A5844D /* ReadActiveViewModel.swift in Sources */ = {isa = PBXBuildFile; fileRef = 4F85DFEC2C33016A00A5844D /* ReadActiveViewModel.swift */; };
		4F8B5C492BC697B100094D5B /* FirebaseAuth in Frameworks */ = {isa = PBXBuildFile; productRef = 4F8B5C482BC697B100094D5B /* FirebaseAuth */; };
		4F8B5C4B2BC697B100094D5B /* FirebaseFirestore in Frameworks */ = {isa = PBXBuildFile; productRef = 4F8B5C4A2BC697B100094D5B /* FirebaseFirestore */; };
		4F8B5C4D2BC697B100094D5B /* FirebaseFirestoreSwift in Frameworks */ = {isa = PBXBuildFile; productRef = 4F8B5C4C2BC697B100094D5B /* FirebaseFirestoreSwift */; };
		4F9DE7CF2C2ECD58001829BA /* CodeScanner in Frameworks */ = {isa = PBXBuildFile; productRef = 4F9DE7CE2C2ECD58001829BA /* CodeScanner */; };
		4F9DE7D92C2F07B2001829BA /* ReadItem.swift in Sources */ = {isa = PBXBuildFile; fileRef = 4F9DE7D82C2F07B2001829BA /* ReadItem.swift */; };
		4F9DE7DB2C2F07BE001829BA /* ReadItemViewModel.swift in Sources */ = {isa = PBXBuildFile; fileRef = 4F9DE7DA2C2F07BE001829BA /* ReadItemViewModel.swift */; };
		4FA1C6772C3EF46800306B59 /* PermissionViewModel.swift in Sources */ = {isa = PBXBuildFile; fileRef = 4FA1C6762C3EF46800306B59 /* PermissionViewModel.swift */; };
		4FAB91D92C43DD9500337256 /* StaySigninViewModel.swift in Sources */ = {isa = PBXBuildFile; fileRef = 4FAB91D82C43DD9500337256 /* StaySigninViewModel.swift */; };
		4FAB91DB2C456A4D00337256 /* ManagerView.swift in Sources */ = {isa = PBXBuildFile; fileRef = 4FAB91DA2C456A4D00337256 /* ManagerView.swift */; };
		4FEADE522BC74459009C31BD /* BtnUnderlineComponent.swift in Sources */ = {isa = PBXBuildFile; fileRef = 4FEADE512BC74459009C31BD /* BtnUnderlineComponent.swift */; };
		4FF426D22C47DD2E0096ED46 /* Coordinator.swift in Sources */ = {isa = PBXBuildFile; fileRef = 4FF426D12C47DD2E0096ED46 /* Coordinator.swift */; };
		4FF426D62C481E220096ED46 /* CameraService.swift in Sources */ = {isa = PBXBuildFile; fileRef = 4FF426D52C481E220096ED46 /* CameraService.swift */; };
		4FF426D82C4827D20096ED46 /* CameraView.swift in Sources */ = {isa = PBXBuildFile; fileRef = 4FF426D72C4827D20096ED46 /* CameraView.swift */; };
		4FF426DA2C482CC70096ED46 /* CustomCameraView.swift in Sources */ = {isa = PBXBuildFile; fileRef = 4FF426D92C482CC70096ED46 /* CustomCameraView.swift */; };
/* End PBXBuildFile section */

/* Begin PBXFileReference section */
		4F056CC82C46979E006408E4 /* Photo.swift */ = {isa = PBXFileReference; lastKnownFileType = sourcecode.swift; path = Photo.swift; sourceTree = "<group>"; };
		4F07E1DB2C35AB6A000B26A8 /* ActiveHandlerViewModel.swift */ = {isa = PBXFileReference; lastKnownFileType = sourcecode.swift; path = ActiveHandlerViewModel.swift; sourceTree = "<group>"; };
		4F102D722C24928200A6702D /* BtnDatabase.swift */ = {isa = PBXFileReference; lastKnownFileType = sourcecode.swift; path = BtnDatabase.swift; sourceTree = "<group>"; };
		4F102D742C2C79D100A6702D /* Item.swift */ = {isa = PBXFileReference; lastKnownFileType = sourcecode.swift; path = Item.swift; sourceTree = "<group>"; };
		4F15F8D72BF61CA2001B58CA /* ProfileView.swift */ = {isa = PBXFileReference; lastKnownFileType = sourcecode.swift; path = ProfileView.swift; sourceTree = "<group>"; };
		4F15F8D92BF61CD3001B58CA /* ProfileViewModel.swift */ = {isa = PBXFileReference; lastKnownFileType = sourcecode.swift; path = ProfileViewModel.swift; sourceTree = "<group>"; };
		4F15F8DB2BF61D54001B58CA /* BtnProfile.swift */ = {isa = PBXFileReference; lastKnownFileType = sourcecode.swift; path = BtnProfile.swift; sourceTree = "<group>"; };
		4F1E6C2F2BBD939F00BDE9B5 /* SpaceManager.app */ = {isa = PBXFileReference; explicitFileType = wrapper.application; includeInIndex = 0; path = SpaceManager.app; sourceTree = BUILT_PRODUCTS_DIR; };
		4F1E6C322BBD939F00BDE9B5 /* SpaceManagerApp.swift */ = {isa = PBXFileReference; lastKnownFileType = sourcecode.swift; path = SpaceManagerApp.swift; sourceTree = "<group>"; };
		4F1E6C362BBD93A100BDE9B5 /* Assets.xcassets */ = {isa = PBXFileReference; lastKnownFileType = folder.assetcatalog; path = Assets.xcassets; sourceTree = "<group>"; };
		4F1E6C392BBD93A100BDE9B5 /* Preview Assets.xcassets */ = {isa = PBXFileReference; lastKnownFileType = folder.assetcatalog; path = "Preview Assets.xcassets"; sourceTree = "<group>"; };
		4F20BFD32C36D3D20026C58B /* BtnItemType.swift */ = {isa = PBXFileReference; lastKnownFileType = sourcecode.swift; path = BtnItemType.swift; sourceTree = "<group>"; };
		4F20BFD72C36DE610026C58B /* BtnModifier.swift */ = {isa = PBXFileReference; lastKnownFileType = sourcecode.swift; path = BtnModifier.swift; sourceTree = "<group>"; };
		4F2C28FD2BDEDC6E00D040D2 /* LoginViewModel.swift */ = {isa = PBXFileReference; lastKnownFileType = sourcecode.swift; path = LoginViewModel.swift; sourceTree = "<group>"; };
		4F32055C2BBDB217000BD18C /* LoginView.swift */ = {isa = PBXFileReference; lastKnownFileType = sourcecode.swift; path = LoginView.swift; sourceTree = "<group>"; };
		4F32055E2BBDB2AE000BD18C /* RegisterView.swift */ = {isa = PBXFileReference; lastKnownFileType = sourcecode.swift; path = RegisterView.swift; sourceTree = "<group>"; };
		4F3205602BC2D122000BD18C /* GoogleService-Info.plist */ = {isa = PBXFileReference; fileEncoding = 4; lastKnownFileType = text.plist.xml; path = "GoogleService-Info.plist"; sourceTree = "<group>"; };
		4F3363A92BE51F750042D0AD /* RegisterViewModel.swift */ = {isa = PBXFileReference; lastKnownFileType = sourcecode.swift; path = RegisterViewModel.swift; sourceTree = "<group>"; };
		4F3363AD2BE549860042D0AD /* AddNewItemViewModel.swift */ = {isa = PBXFileReference; lastKnownFileType = sourcecode.swift; path = AddNewItemViewModel.swift; sourceTree = "<group>"; };
		4F3363AF2BE54A790042D0AD /* AddNewItemView.swift */ = {isa = PBXFileReference; lastKnownFileType = sourcecode.swift; path = AddNewItemView.swift; sourceTree = "<group>"; };
		4F3363B12BE561C50042D0AD /* User.swift */ = {isa = PBXFileReference; lastKnownFileType = sourcecode.swift; path = User.swift; sourceTree = "<group>"; };
		4F3363B32BE689C00042D0AD /* BtnMenu.swift */ = {isa = PBXFileReference; lastKnownFileType = sourcecode.swift; path = BtnMenu.swift; sourceTree = "<group>"; };
		4F3363B52BE69B2A0042D0AD /* QrCodeGenerator.swift */ = {isa = PBXFileReference; lastKnownFileType = sourcecode.swift; path = QrCodeGenerator.swift; sourceTree = "<group>"; };
		4F3363BA2BE6AF800042D0AD /* BottomMenu.swift */ = {isa = PBXFileReference; lastKnownFileType = sourcecode.swift; path = BottomMenu.swift; sourceTree = "<group>"; };
		4F47058D2C3C3E8F00F42F12 /* CustomBack.swift */ = {isa = PBXFileReference; lastKnownFileType = sourcecode.swift; path = CustomBack.swift; sourceTree = "<group>"; };
		4F47058F2C3C5FF400F42F12 /* WelcomeView.swift */ = {isa = PBXFileReference; lastKnownFileType = sourcecode.swift; path = WelcomeView.swift; sourceTree = "<group>"; };
		4F4A8DAF2C32E9FC0002744A /* GeneratorViewModel.swift */ = {isa = PBXFileReference; lastKnownFileType = sourcecode.swift; path = GeneratorViewModel.swift; sourceTree = "<group>"; };
		4F4A8DB12C32F1430002744A /* ActiveItem.swift */ = {isa = PBXFileReference; lastKnownFileType = sourcecode.swift; path = ActiveItem.swift; sourceTree = "<group>"; };
		4F4E58FA2BF0FE4500B80AB8 /* SearchView.swift */ = {isa = PBXFileReference; lastKnownFileType = sourcecode.swift; path = SearchView.swift; sourceTree = "<group>"; };
		4F5889492C3D7CF500CAB19D /* ForgotViewModel.swift */ = {isa = PBXFileReference; lastKnownFileType = sourcecode.swift; path = ForgotViewModel.swift; sourceTree = "<group>"; };
		4F66DB9F2C335FD60035B34F /* Checkbox.swift */ = {isa = PBXFileReference; lastKnownFileType = sourcecode.swift; path = Checkbox.swift; sourceTree = "<group>"; };
		4F859C382BD067B000924EF5 /* ForgotPasswordView.swift */ = {isa = PBXFileReference; lastKnownFileType = sourcecode.swift; path = ForgotPasswordView.swift; sourceTree = "<group>"; };
		4F859C3A2BD06A5F00924EF5 /* BtnClearComponent.swift */ = {isa = PBXFileReference; lastKnownFileType = sourcecode.swift; path = BtnClearComponent.swift; sourceTree = "<group>"; };
		4F859C3C2BD06BC400924EF5 /* HeaderComponent.swift */ = {isa = PBXFileReference; lastKnownFileType = sourcecode.swift; path = HeaderComponent.swift; sourceTree = "<group>"; };
		4F859C3E2BD06DC700924EF5 /* FormComponent.swift */ = {isa = PBXFileReference; lastKnownFileType = sourcecode.swift; path = FormComponent.swift; sourceTree = "<group>"; };
		4F85DFEC2C33016A00A5844D /* ReadActiveViewModel.swift */ = {isa = PBXFileReference; lastKnownFileType = sourcecode.swift; path = ReadActiveViewModel.swift; sourceTree = "<group>"; };
		4F9DE7D82C2F07B2001829BA /* ReadItem.swift */ = {isa = PBXFileReference; lastKnownFileType = sourcecode.swift; path = ReadItem.swift; sourceTree = "<group>"; };
		4F9DE7DA2C2F07BE001829BA /* ReadItemViewModel.swift */ = {isa = PBXFileReference; lastKnownFileType = sourcecode.swift; path = ReadItemViewModel.swift; sourceTree = "<group>"; };
		4FA1C6762C3EF46800306B59 /* PermissionViewModel.swift */ = {isa = PBXFileReference; lastKnownFileType = sourcecode.swift; path = PermissionViewModel.swift; sourceTree = "<group>"; };
		4FAB91D82C43DD9500337256 /* StaySigninViewModel.swift */ = {isa = PBXFileReference; lastKnownFileType = sourcecode.swift; path = StaySigninViewModel.swift; sourceTree = "<group>"; };
		4FAB91DA2C456A4D00337256 /* ManagerView.swift */ = {isa = PBXFileReference; lastKnownFileType = sourcecode.swift; path = ManagerView.swift; sourceTree = "<group>"; };
		4FEADE512BC74459009C31BD /* BtnUnderlineComponent.swift */ = {isa = PBXFileReference; lastKnownFileType = sourcecode.swift; path = BtnUnderlineComponent.swift; sourceTree = "<group>"; };
		4FF426D12C47DD2E0096ED46 /* Coordinator.swift */ = {isa = PBXFileReference; lastKnownFileType = sourcecode.swift; path = Coordinator.swift; sourceTree = "<group>"; };
		4FF426D52C481E220096ED46 /* CameraService.swift */ = {isa = PBXFileReference; lastKnownFileType = sourcecode.swift; path = CameraService.swift; sourceTree = "<group>"; };
		4FF426D72C4827D20096ED46 /* CameraView.swift */ = {isa = PBXFileReference; lastKnownFileType = sourcecode.swift; path = CameraView.swift; sourceTree = "<group>"; };
		4FF426D92C482CC70096ED46 /* CustomCameraView.swift */ = {isa = PBXFileReference; lastKnownFileType = sourcecode.swift; path = CustomCameraView.swift; sourceTree = "<group>"; };
/* End PBXFileReference section */

/* Begin PBXFrameworksBuildPhase section */
		4F1E6C2C2BBD939F00BDE9B5 /* Frameworks */ = {
			isa = PBXFrameworksBuildPhase;
			buildActionMask = 2147483647;
			files = (
				4F9DE7CF2C2ECD58001829BA /* CodeScanner in Frameworks */,
				4F8B5C492BC697B100094D5B /* FirebaseAuth in Frameworks */,
				4F8B5C4B2BC697B100094D5B /* FirebaseFirestore in Frameworks */,
				4F8B5C4D2BC697B100094D5B /* FirebaseFirestoreSwift in Frameworks */,
			);
			runOnlyForDeploymentPostprocessing = 0;
		};
/* End PBXFrameworksBuildPhase section */

/* Begin PBXGroup section */
		4F0072FE2BD98B88009A2874 /* viewModel */ = {
			isa = PBXGroup;
			children = (
				4F2C28FD2BDEDC6E00D040D2 /* LoginViewModel.swift */,
				4F3363A92BE51F750042D0AD /* RegisterViewModel.swift */,
				4F3363AD2BE549860042D0AD /* AddNewItemViewModel.swift */,
				4F3363B52BE69B2A0042D0AD /* QrCodeGenerator.swift */,
				4F15F8D92BF61CD3001B58CA /* ProfileViewModel.swift */,
				4F9DE7DA2C2F07BE001829BA /* ReadItemViewModel.swift */,
				4F4A8DAF2C32E9FC0002744A /* GeneratorViewModel.swift */,
				4F85DFEC2C33016A00A5844D /* ReadActiveViewModel.swift */,
				4F07E1DB2C35AB6A000B26A8 /* ActiveHandlerViewModel.swift */,
				4F5889492C3D7CF500CAB19D /* ForgotViewModel.swift */,
				4FA1C6762C3EF46800306B59 /* PermissionViewModel.swift */,
				4FAB91D82C43DD9500337256 /* StaySigninViewModel.swift */,
				4FF426D12C47DD2E0096ED46 /* Coordinator.swift */,
				4FF426D52C481E220096ED46 /* CameraService.swift */,
			);
			path = viewModel;
			sourceTree = "<group>";
		};
		4F1E6C262BBD939F00BDE9B5 = {
			isa = PBXGroup;
			children = (
				4F1E6C312BBD939F00BDE9B5 /* SpaceManager */,
				4F1E6C302BBD939F00BDE9B5 /* Products */,
			);
			sourceTree = "<group>";
		};
		4F1E6C302BBD939F00BDE9B5 /* Products */ = {
			isa = PBXGroup;
			children = (
				4F1E6C2F2BBD939F00BDE9B5 /* SpaceManager.app */,
			);
			name = Products;
			sourceTree = "<group>";
		};
		4F1E6C312BBD939F00BDE9B5 /* SpaceManager */ = {
			isa = PBXGroup;
			children = (
				4F0072FE2BD98B88009A2874 /* viewModel */,
				4F3205602BC2D122000BD18C /* GoogleService-Info.plist */,
				4F32055A2BBDB1C3000BD18C /* model */,
				4F3205592BBDB1BC000BD18C /* view */,
				4F1E6C322BBD939F00BDE9B5 /* SpaceManagerApp.swift */,
				4F1E6C362BBD93A100BDE9B5 /* Assets.xcassets */,
				4F1E6C382BBD93A100BDE9B5 /* Preview Content */,
			);
			path = SpaceManager;
			sourceTree = "<group>";
		};
		4F1E6C382BBD93A100BDE9B5 /* Preview Content */ = {
			isa = PBXGroup;
			children = (
				4F1E6C392BBD93A100BDE9B5 /* Preview Assets.xcassets */,
			);
			path = "Preview Content";
			sourceTree = "<group>";
		};
		4F3205592BBDB1BC000BD18C /* view */ = {
			isa = PBXGroup;
			children = (
				4FEADE4E2BC738E2009C31BD /* Components */,
				4F32055C2BBDB217000BD18C /* LoginView.swift */,
				4F32055E2BBDB2AE000BD18C /* RegisterView.swift */,
				4F859C382BD067B000924EF5 /* ForgotPasswordView.swift */,
				4F3363AF2BE54A790042D0AD /* AddNewItemView.swift */,
				4F4E58FA2BF0FE4500B80AB8 /* SearchView.swift */,
				4F15F8D72BF61CA2001B58CA /* ProfileView.swift */,
				4F9DE7D82C2F07B2001829BA /* ReadItem.swift */,
				4F47058F2C3C5FF400F42F12 /* WelcomeView.swift */,
				4FAB91DA2C456A4D00337256 /* ManagerView.swift */,
			);
			path = view;
			sourceTree = "<group>";
		};
		4F32055A2BBDB1C3000BD18C /* model */ = {
			isa = PBXGroup;
			children = (
				4F3363B12BE561C50042D0AD /* User.swift */,
				4F102D742C2C79D100A6702D /* Item.swift */,
				4F4A8DB12C32F1430002744A /* ActiveItem.swift */,
				4F056CC82C46979E006408E4 /* Photo.swift */,
			);
			path = model;
			sourceTree = "<group>";
		};
		4FEADE4E2BC738E2009C31BD /* Components */ = {
			isa = PBXGroup;
			children = (
				4FEADE512BC74459009C31BD /* BtnUnderlineComponent.swift */,
				4F859C3A2BD06A5F00924EF5 /* BtnClearComponent.swift */,
				4F859C3C2BD06BC400924EF5 /* HeaderComponent.swift */,
				4F859C3E2BD06DC700924EF5 /* FormComponent.swift */,
				4F3363B32BE689C00042D0AD /* BtnMenu.swift */,
				4F3363BA2BE6AF800042D0AD /* BottomMenu.swift */,
				4F15F8DB2BF61D54001B58CA /* BtnProfile.swift */,
				4F102D722C24928200A6702D /* BtnDatabase.swift */,
				4F66DB9F2C335FD60035B34F /* Checkbox.swift */,
				4F20BFD32C36D3D20026C58B /* BtnItemType.swift */,
				4F20BFD72C36DE610026C58B /* BtnModifier.swift */,
				4F47058D2C3C3E8F00F42F12 /* CustomBack.swift */,
				4FF426D72C4827D20096ED46 /* CameraView.swift */,
				4FF426D92C482CC70096ED46 /* CustomCameraView.swift */,
			);
			path = Components;
			sourceTree = "<group>";
		};
/* End PBXGroup section */

/* Begin PBXNativeTarget section */
		4F1E6C2E2BBD939F00BDE9B5 /* SpaceManager */ = {
			isa = PBXNativeTarget;
			buildConfigurationList = 4F1E6C3D2BBD93A100BDE9B5 /* Build configuration list for PBXNativeTarget "SpaceManager" */;
			buildPhases = (
				4F1E6C2B2BBD939F00BDE9B5 /* Sources */,
				4F1E6C2C2BBD939F00BDE9B5 /* Frameworks */,
				4F1E6C2D2BBD939F00BDE9B5 /* Resources */,
			);
			buildRules = (
			);
			dependencies = (
			);
			name = SpaceManager;
			packageProductDependencies = (
				4F8B5C482BC697B100094D5B /* FirebaseAuth */,
				4F8B5C4A2BC697B100094D5B /* FirebaseFirestore */,
				4F8B5C4C2BC697B100094D5B /* FirebaseFirestoreSwift */,
				4F9DE7CE2C2ECD58001829BA /* CodeScanner */,
			);
			productName = SpaceManager;
			productReference = 4F1E6C2F2BBD939F00BDE9B5 /* SpaceManager.app */;
			productType = "com.apple.product-type.application";
		};
/* End PBXNativeTarget section */

/* Begin PBXProject section */
		4F1E6C272BBD939F00BDE9B5 /* Project object */ = {
			isa = PBXProject;
			attributes = {
				BuildIndependentTargetsInParallel = 1;
				LastSwiftUpdateCheck = 1430;
				LastUpgradeCheck = 1430;
				TargetAttributes = {
					4F1E6C2E2BBD939F00BDE9B5 = {
						CreatedOnToolsVersion = 14.3.1;
					};
				};
			};
			buildConfigurationList = 4F1E6C2A2BBD939F00BDE9B5 /* Build configuration list for PBXProject "SpaceManager" */;
			compatibilityVersion = "Xcode 14.0";
			developmentRegion = en;
			hasScannedForEncodings = 0;
			knownRegions = (
				en,
				Base,
			);
			mainGroup = 4F1E6C262BBD939F00BDE9B5;
			packageReferences = (
				4F8B5C472BC697B100094D5B /* XCRemoteSwiftPackageReference "firebase-ios-sdk" */,
				4F9DE7CD2C2ECD58001829BA /* XCRemoteSwiftPackageReference "CodeScanner" */,
			);
			productRefGroup = 4F1E6C302BBD939F00BDE9B5 /* Products */;
			projectDirPath = "";
			projectRoot = "";
			targets = (
				4F1E6C2E2BBD939F00BDE9B5 /* SpaceManager */,
			);
		};
/* End PBXProject section */

/* Begin PBXResourcesBuildPhase section */
		4F1E6C2D2BBD939F00BDE9B5 /* Resources */ = {
			isa = PBXResourcesBuildPhase;
			buildActionMask = 2147483647;
			files = (
				4F1E6C3A2BBD93A100BDE9B5 /* Preview Assets.xcassets in Resources */,
				4F1E6C372BBD93A100BDE9B5 /* Assets.xcassets in Resources */,
				4F3205612BC2D123000BD18C /* GoogleService-Info.plist in Resources */,
			);
			runOnlyForDeploymentPostprocessing = 0;
		};
/* End PBXResourcesBuildPhase section */

/* Begin PBXSourcesBuildPhase section */
		4F1E6C2B2BBD939F00BDE9B5 /* Sources */ = {
			isa = PBXSourcesBuildPhase;
			buildActionMask = 2147483647;
			files = (
				4F32055F2BBDB2AE000BD18C /* RegisterView.swift in Sources */,
				4FAB91D92C43DD9500337256 /* StaySigninViewModel.swift in Sources */,
				4F15F8DA2BF61CD3001B58CA /* ProfileViewModel.swift in Sources */,
				4F3363AA2BE51F750042D0AD /* RegisterViewModel.swift in Sources */,
				4F32055D2BBDB217000BD18C /* LoginView.swift in Sources */,
				4F859C3F2BD06DC800924EF5 /* FormComponent.swift in Sources */,
				4F4A8DB22C32F1430002744A /* ActiveItem.swift in Sources */,
				4FEADE522BC74459009C31BD /* BtnUnderlineComponent.swift in Sources */,
				4F20BFD42C36D3D20026C58B /* BtnItemType.swift in Sources */,
				4F102D752C2C79D100A6702D /* Item.swift in Sources */,
				4F3363BB2BE6AF800042D0AD /* BottomMenu.swift in Sources */,
				4F4E58FB2BF0FE4500B80AB8 /* SearchView.swift in Sources */,
				4F056CC92C46979E006408E4 /* Photo.swift in Sources */,
				4F15F8DC2BF61D54001B58CA /* BtnProfile.swift in Sources */,
				4F58894A2C3D7CF500CAB19D /* ForgotViewModel.swift in Sources */,
				4FF426D82C4827D20096ED46 /* CameraView.swift in Sources */,
				4F85DFED2C33016A00A5844D /* ReadActiveViewModel.swift in Sources */,
				4F102D732C24928200A6702D /* BtnDatabase.swift in Sources */,
				4F4A8DB02C32E9FC0002744A /* GeneratorViewModel.swift in Sources */,
				4F3363B42BE689C00042D0AD /* BtnMenu.swift in Sources */,
				4F3363B22BE561C50042D0AD /* User.swift in Sources */,
				4FF426D22C47DD2E0096ED46 /* Coordinator.swift in Sources */,
				4F859C3D2BD06BC400924EF5 /* HeaderComponent.swift in Sources */,
				4F66DBA02C335FD60035B34F /* Checkbox.swift in Sources */,
				4F4705902C3C5FF400F42F12 /* WelcomeView.swift in Sources */,
				4F15F8D82BF61CA2001B58CA /* ProfileView.swift in Sources */,
				4F3363B62BE69B2A0042D0AD /* QrCodeGenerator.swift in Sources */,
				4F07E1DC2C35AB6A000B26A8 /* ActiveHandlerViewModel.swift in Sources */,
				4FF426D62C481E220096ED46 /* CameraService.swift in Sources */,
				4F3363B02BE54A790042D0AD /* AddNewItemView.swift in Sources */,
				4F859C392BD067B000924EF5 /* ForgotPasswordView.swift in Sources */,
				4F859C3B2BD06A5F00924EF5 /* BtnClearComponent.swift in Sources */,
				4FA1C6772C3EF46800306B59 /* PermissionViewModel.swift in Sources */,
				4FAB91DB2C456A4D00337256 /* ManagerView.swift in Sources */,
				4F9DE7D92C2F07B2001829BA /* ReadItem.swift in Sources */,
				4F1E6C332BBD939F00BDE9B5 /* SpaceManagerApp.swift in Sources */,
				4F9DE7DB2C2F07BE001829BA /* ReadItemViewModel.swift in Sources */,
				4F2C28FE2BDEDC6E00D040D2 /* LoginViewModel.swift in Sources */,
				4F47058E2C3C3E8F00F42F12 /* CustomBack.swift in Sources */,
				4FF426DA2C482CC70096ED46 /* CustomCameraView.swift in Sources */,
				4F3363AE2BE549860042D0AD /* AddNewItemViewModel.swift in Sources */,
				4F20BFD82C36DE610026C58B /* BtnModifier.swift in Sources */,
			);
			runOnlyForDeploymentPostprocessing = 0;
		};
/* End PBXSourcesBuildPhase section */

/* Begin XCBuildConfiguration section */
		4F1E6C3B2BBD93A100BDE9B5 /* Debug */ = {
			isa = XCBuildConfiguration;
			buildSettings = {
				ALWAYS_SEARCH_USER_PATHS = NO;
				CLANG_ANALYZER_NONNULL = YES;
				CLANG_ANALYZER_NUMBER_OBJECT_CONVERSION = YES_AGGRESSIVE;
				CLANG_CXX_LANGUAGE_STANDARD = "gnu++20";
				CLANG_ENABLE_MODULES = YES;
				CLANG_ENABLE_OBJC_ARC = YES;
				CLANG_ENABLE_OBJC_WEAK = YES;
				CLANG_WARN_BLOCK_CAPTURE_AUTORELEASING = YES;
				CLANG_WARN_BOOL_CONVERSION = YES;
				CLANG_WARN_COMMA = YES;
				CLANG_WARN_CONSTANT_CONVERSION = YES;
				CLANG_WARN_DEPRECATED_OBJC_IMPLEMENTATIONS = YES;
				CLANG_WARN_DIRECT_OBJC_ISA_USAGE = YES_ERROR;
				CLANG_WARN_DOCUMENTATION_COMMENTS = YES;
				CLANG_WARN_EMPTY_BODY = YES;
				CLANG_WARN_ENUM_CONVERSION = YES;
				CLANG_WARN_INFINITE_RECURSION = YES;
				CLANG_WARN_INT_CONVERSION = YES;
				CLANG_WARN_NON_LITERAL_NULL_CONVERSION = YES;
				CLANG_WARN_OBJC_IMPLICIT_RETAIN_SELF = YES;
				CLANG_WARN_OBJC_LITERAL_CONVERSION = YES;
				CLANG_WARN_OBJC_ROOT_CLASS = YES_ERROR;
				CLANG_WARN_QUOTED_INCLUDE_IN_FRAMEWORK_HEADER = YES;
				CLANG_WARN_RANGE_LOOP_ANALYSIS = YES;
				CLANG_WARN_STRICT_PROTOTYPES = YES;
				CLANG_WARN_SUSPICIOUS_MOVE = YES;
				CLANG_WARN_UNGUARDED_AVAILABILITY = YES_AGGRESSIVE;
				CLANG_WARN_UNREACHABLE_CODE = YES;
				CLANG_WARN__DUPLICATE_METHOD_MATCH = YES;
				COPY_PHASE_STRIP = NO;
				DEBUG_INFORMATION_FORMAT = dwarf;
				ENABLE_STRICT_OBJC_MSGSEND = YES;
				ENABLE_TESTABILITY = YES;
				GCC_C_LANGUAGE_STANDARD = gnu11;
				GCC_DYNAMIC_NO_PIC = NO;
				GCC_NO_COMMON_BLOCKS = YES;
				GCC_OPTIMIZATION_LEVEL = 0;
				GCC_PREPROCESSOR_DEFINITIONS = (
					"DEBUG=1",
					"$(inherited)",
				);
				GCC_WARN_64_TO_32_BIT_CONVERSION = YES;
				GCC_WARN_ABOUT_RETURN_TYPE = YES_ERROR;
				GCC_WARN_UNDECLARED_SELECTOR = YES;
				GCC_WARN_UNINITIALIZED_AUTOS = YES_AGGRESSIVE;
				GCC_WARN_UNUSED_FUNCTION = YES;
				GCC_WARN_UNUSED_VARIABLE = YES;
				IPHONEOS_DEPLOYMENT_TARGET = 16.4;
				MTL_ENABLE_DEBUG_INFO = INCLUDE_SOURCE;
				MTL_FAST_MATH = YES;
				ONLY_ACTIVE_ARCH = YES;
				SDKROOT = iphoneos;
				SWIFT_ACTIVE_COMPILATION_CONDITIONS = DEBUG;
				SWIFT_OPTIMIZATION_LEVEL = "-Onone";
			};
			name = Debug;
		};
		4F1E6C3C2BBD93A100BDE9B5 /* Release */ = {
			isa = XCBuildConfiguration;
			buildSettings = {
				ALWAYS_SEARCH_USER_PATHS = NO;
				CLANG_ANALYZER_NONNULL = YES;
				CLANG_ANALYZER_NUMBER_OBJECT_CONVERSION = YES_AGGRESSIVE;
				CLANG_CXX_LANGUAGE_STANDARD = "gnu++20";
				CLANG_ENABLE_MODULES = YES;
				CLANG_ENABLE_OBJC_ARC = YES;
				CLANG_ENABLE_OBJC_WEAK = YES;
				CLANG_WARN_BLOCK_CAPTURE_AUTORELEASING = YES;
				CLANG_WARN_BOOL_CONVERSION = YES;
				CLANG_WARN_COMMA = YES;
				CLANG_WARN_CONSTANT_CONVERSION = YES;
				CLANG_WARN_DEPRECATED_OBJC_IMPLEMENTATIONS = YES;
				CLANG_WARN_DIRECT_OBJC_ISA_USAGE = YES_ERROR;
				CLANG_WARN_DOCUMENTATION_COMMENTS = YES;
				CLANG_WARN_EMPTY_BODY = YES;
				CLANG_WARN_ENUM_CONVERSION = YES;
				CLANG_WARN_INFINITE_RECURSION = YES;
				CLANG_WARN_INT_CONVERSION = YES;
				CLANG_WARN_NON_LITERAL_NULL_CONVERSION = YES;
				CLANG_WARN_OBJC_IMPLICIT_RETAIN_SELF = YES;
				CLANG_WARN_OBJC_LITERAL_CONVERSION = YES;
				CLANG_WARN_OBJC_ROOT_CLASS = YES_ERROR;
				CLANG_WARN_QUOTED_INCLUDE_IN_FRAMEWORK_HEADER = YES;
				CLANG_WARN_RANGE_LOOP_ANALYSIS = YES;
				CLANG_WARN_STRICT_PROTOTYPES = YES;
				CLANG_WARN_SUSPICIOUS_MOVE = YES;
				CLANG_WARN_UNGUARDED_AVAILABILITY = YES_AGGRESSIVE;
				CLANG_WARN_UNREACHABLE_CODE = YES;
				CLANG_WARN__DUPLICATE_METHOD_MATCH = YES;
				COPY_PHASE_STRIP = NO;
				DEBUG_INFORMATION_FORMAT = "dwarf-with-dsym";
				ENABLE_NS_ASSERTIONS = NO;
				ENABLE_STRICT_OBJC_MSGSEND = YES;
				GCC_C_LANGUAGE_STANDARD = gnu11;
				GCC_NO_COMMON_BLOCKS = YES;
				GCC_WARN_64_TO_32_BIT_CONVERSION = YES;
				GCC_WARN_ABOUT_RETURN_TYPE = YES_ERROR;
				GCC_WARN_UNDECLARED_SELECTOR = YES;
				GCC_WARN_UNINITIALIZED_AUTOS = YES_AGGRESSIVE;
				GCC_WARN_UNUSED_FUNCTION = YES;
				GCC_WARN_UNUSED_VARIABLE = YES;
				IPHONEOS_DEPLOYMENT_TARGET = 16.4;
				MTL_ENABLE_DEBUG_INFO = NO;
				MTL_FAST_MATH = YES;
				SDKROOT = iphoneos;
				SWIFT_COMPILATION_MODE = wholemodule;
				SWIFT_OPTIMIZATION_LEVEL = "-O";
				VALIDATE_PRODUCT = YES;
			};
			name = Release;
		};
		4F1E6C3E2BBD93A100BDE9B5 /* Debug */ = {
			isa = XCBuildConfiguration;
			buildSettings = {
				ASSETCATALOG_COMPILER_APPICON_NAME = AppIcon;
				ASSETCATALOG_COMPILER_GLOBAL_ACCENT_COLOR_NAME = AccentColor;
				CODE_SIGN_STYLE = Automatic;
				CURRENT_PROJECT_VERSION = 1;
				DEVELOPMENT_ASSET_PATHS = "\"SpaceManager/Preview Content\"";
				DEVELOPMENT_TEAM = CL7V5AJQ9D;
				ENABLE_PREVIEWS = YES;
				GENERATE_INFOPLIST_FILE = YES;
				INFOPLIST_KEY_NSCalendarsUsageDescription = "We need caledars";
				INFOPLIST_KEY_NSCameraUsageDescription = "We need camera to scan QR code";
				INFOPLIST_KEY_NSPhotoLibraryAddUsageDescription = "We want to save QR codes";
				INFOPLIST_KEY_UIApplicationSceneManifest_Generation = YES;
				INFOPLIST_KEY_UILaunchScreen_Generation = YES;
				INFOPLIST_KEY_UISupportedInterfaceOrientations = UIInterfaceOrientationPortrait;
				INFOPLIST_KEY_UIUserInterfaceStyle = Light;
				LD_RUNPATH_SEARCH_PATHS = (
					"$(inherited)",
					"@executable_path/Frameworks",
				);
				MARKETING_VERSION = 1.0;
				PRODUCT_BUNDLE_IDENTIFIER = JakubKromolowski.SpaceManager;
				PRODUCT_NAME = "$(TARGET_NAME)";
				SWIFT_EMIT_LOC_STRINGS = YES;
				SWIFT_VERSION = 5.0;
				TARGETED_DEVICE_FAMILY = "1,2";
			};
			name = Debug;
		};
		4F1E6C3F2BBD93A100BDE9B5 /* Release */ = {
			isa = XCBuildConfiguration;
			buildSettings = {
				ASSETCATALOG_COMPILER_APPICON_NAME = AppIcon;
				ASSETCATALOG_COMPILER_GLOBAL_ACCENT_COLOR_NAME = AccentColor;
				CODE_SIGN_STYLE = Automatic;
				CURRENT_PROJECT_VERSION = 1;
				DEVELOPMENT_ASSET_PATHS = "\"SpaceManager/Preview Content\"";
				DEVELOPMENT_TEAM = CL7V5AJQ9D;
				ENABLE_PREVIEWS = YES;
				GENERATE_INFOPLIST_FILE = YES;
				INFOPLIST_KEY_NSCalendarsUsageDescription = "We need caledars";
				INFOPLIST_KEY_NSCameraUsageDescription = "We need camera to scan QR code";
				INFOPLIST_KEY_NSPhotoLibraryAddUsageDescription = "We want to save QR codes";
				INFOPLIST_KEY_UIApplicationSceneManifest_Generation = YES;
				INFOPLIST_KEY_UILaunchScreen_Generation = YES;
				INFOPLIST_KEY_UISupportedInterfaceOrientations = UIInterfaceOrientationPortrait;
				INFOPLIST_KEY_UIUserInterfaceStyle = Light;
				LD_RUNPATH_SEARCH_PATHS = (
					"$(inherited)",
					"@executable_path/Frameworks",
				);
				MARKETING_VERSION = 1.0;
				PRODUCT_BUNDLE_IDENTIFIER = JakubKromolowski.SpaceManager;
				PRODUCT_NAME = "$(TARGET_NAME)";
				SWIFT_EMIT_LOC_STRINGS = YES;
				SWIFT_VERSION = 5.0;
				TARGETED_DEVICE_FAMILY = "1,2";
			};
			name = Release;
		};
/* End XCBuildConfiguration section */

/* Begin XCConfigurationList section */
		4F1E6C2A2BBD939F00BDE9B5 /* Build configuration list for PBXProject "SpaceManager" */ = {
			isa = XCConfigurationList;
			buildConfigurations = (
				4F1E6C3B2BBD93A100BDE9B5 /* Debug */,
				4F1E6C3C2BBD93A100BDE9B5 /* Release */,
			);
			defaultConfigurationIsVisible = 0;
			defaultConfigurationName = Release;
		};
		4F1E6C3D2BBD93A100BDE9B5 /* Build configuration list for PBXNativeTarget "SpaceManager" */ = {
			isa = XCConfigurationList;
			buildConfigurations = (
				4F1E6C3E2BBD93A100BDE9B5 /* Debug */,
				4F1E6C3F2BBD93A100BDE9B5 /* Release */,
			);
			defaultConfigurationIsVisible = 0;
			defaultConfigurationName = Release;
		};
/* End XCConfigurationList section */

/* Begin XCRemoteSwiftPackageReference section */
		4F8B5C472BC697B100094D5B /* XCRemoteSwiftPackageReference "firebase-ios-sdk" */ = {
			isa = XCRemoteSwiftPackageReference;
			repositoryURL = "https://github.com/firebase/firebase-ios-sdk";
			requirement = {
				kind = upToNextMajorVersion;
				minimumVersion = 10.0.0;
			};
		};
		4F9DE7CD2C2ECD58001829BA /* XCRemoteSwiftPackageReference "CodeScanner" */ = {
			isa = XCRemoteSwiftPackageReference;
			repositoryURL = "https://github.com/twostraws/CodeScanner.git";
			requirement = {
				kind = upToNextMajorVersion;
				minimumVersion = 2.5.0;
			};
		};
/* End XCRemoteSwiftPackageReference section */

/* Begin XCSwiftPackageProductDependency section */
		4F8B5C482BC697B100094D5B /* FirebaseAuth */ = {
			isa = XCSwiftPackageProductDependency;
			package = 4F8B5C472BC697B100094D5B /* XCRemoteSwiftPackageReference "firebase-ios-sdk" */;
			productName = FirebaseAuth;
		};
		4F8B5C4A2BC697B100094D5B /* FirebaseFirestore */ = {
			isa = XCSwiftPackageProductDependency;
			package = 4F8B5C472BC697B100094D5B /* XCRemoteSwiftPackageReference "firebase-ios-sdk" */;
			productName = FirebaseFirestore;
		};
		4F8B5C4C2BC697B100094D5B /* FirebaseFirestoreSwift */ = {
			isa = XCSwiftPackageProductDependency;
			package = 4F8B5C472BC697B100094D5B /* XCRemoteSwiftPackageReference "firebase-ios-sdk" */;
			productName = FirebaseFirestoreSwift;
		};
		4F9DE7CE2C2ECD58001829BA /* CodeScanner */ = {
			isa = XCSwiftPackageProductDependency;
			package = 4F9DE7CD2C2ECD58001829BA /* XCRemoteSwiftPackageReference "CodeScanner" */;
			productName = CodeScanner;
		};
/* End XCSwiftPackageProductDependency section */
	};
	rootObject = 4F1E6C272BBD939F00BDE9B5 /* Project object */;
}
